
Microsoft Visual Studio Solution File, Format Version 12.00
# Visual Studio 15
VisualStudioVersion = 15.0.27130.2036
MinimumVisualStudioVersion = 10.0.40219.1
Project("{FAE04EC0-301F-11D3-BF4B-00C04F79EFBC}") = "SourceUtils", "SourceUtils\SourceUtils.csproj", "{2C5FEFA1-39BA-458E-B95C-2D8414958820}"
EndProject
Project("{FAE04EC0-301F-11D3-BF4B-00C04F79EFBC}") = "SourceUtils.WebExport", "SourceUtils.WebExport\SourceUtils.WebExport.csproj", "{171622AD-547B-496C-A230-16FCA08A0112}"
EndProject
Project("{FAE04EC0-301F-11D3-BF4B-00C04F79EFBC}") = "SourceUtils.FileExport", "SourceUtils.FileExport\SourceUtils.FileExport.csproj", "{1263BE7B-1E7F-415A-9CF9-917CBDD3572F}"
EndProject
Project("{FAE04EC0-301F-11D3-BF4B-00C04F79EFBC}") = "SourceUtils.Test", "SourceUtils.Test\SourceUtils.Test.csproj", "{B17851AD-7B29-464B-B92A-73816D6D8D7C}"
EndProject
Project("{2150E333-8FDC-42A3-9474-1A3956D46DE8}") = "Facepunch.Parse", "Facepunch.Parse", "{BDF5B497-938B-7CF9-E915-8D5CB5E0A8E1}"
EndProject
Project("{FAE04EC0-301F-11D3-BF4B-00C04F79EFBC}") = "Facepunch.Parse", "Facepunch.Parse\Facepunch.Parse\Facepunch.Parse.csproj", "{A50F0BDD-D826-4033-94E0-57C31A781D0C}"
EndProject
Global
	GlobalSection(SolutionConfigurationPlatforms) = preSolution
		Debug|Any CPU = Debug|Any CPU
		Debug|x64 = Debug|x64
		Debug|x86 = Debug|x86
		Release|Any CPU = Release|Any CPU
		Release|x64 = Release|x64
		Release|x86 = Release|x86
	EndGlobalSection
	GlobalSection(ProjectConfigurationPlatforms) = postSolution
		{2C5FEFA1-39BA-458E-B95C-2D8414958820}.Debug|Any CPU.ActiveCfg = Debug|Any CPU
		{2C5FEFA1-39BA-458E-B95C-2D8414958820}.Debug|Any CPU.Build.0 = Debug|Any CPU
		{2C5FEFA1-39BA-458E-B95C-2D8414958820}.Debug|x64.ActiveCfg = Debug|Any CPU
		{2C5FEFA1-39BA-458E-B95C-2D8414958820}.Debug|x64.Build.0 = Debug|Any CPU
		{2C5FEFA1-39BA-458E-B95C-2D8414958820}.Debug|x86.ActiveCfg = Debug|Any CPU
		{2C5FEFA1-39BA-458E-B95C-2D8414958820}.Debug|x86.Build.0 = Debug|Any CPU
		{2C5FEFA1-39BA-458E-B95C-2D8414958820}.Release|Any CPU.ActiveCfg = Release|Any CPU
		{2C5FEFA1-39BA-458E-B95C-2D8414958820}.Release|Any CPU.Build.0 = Release|Any CPU
		{2C5FEFA1-39BA-458E-B95C-2D8414958820}.Release|x64.ActiveCfg = Release|Any CPU
		{2C5FEFA1-39BA-458E-B95C-2D8414958820}.Release|x64.Build.0 = Release|Any CPU
		{2C5FEFA1-39BA-458E-B95C-2D8414958820}.Release|x86.ActiveCfg = Release|Any CPU
		{2C5FEFA1-39BA-458E-B95C-2D8414958820}.Release|x86.Build.0 = Release|Any CPU
		{171622AD-547B-496C-A230-16FCA08A0112}.Debug|Any CPU.ActiveCfg = Debug|Any CPU
		{171622AD-547B-496C-A230-16FCA08A0112}.Debug|Any CPU.Build.0 = Debug|Any CPU
		{171622AD-547B-496C-A230-16FCA08A0112}.Debug|x64.ActiveCfg = Debug|Any CPU
		{171622AD-547B-496C-A230-16FCA08A0112}.Debug|x64.Build.0 = Debug|Any CPU
		{171622AD-547B-496C-A230-16FCA08A0112}.Debug|x86.ActiveCfg = Debug|Any CPU
		{171622AD-547B-496C-A230-16FCA08A0112}.Debug|x86.Build.0 = Debug|Any CPU
		{171622AD-547B-496C-A230-16FCA08A0112}.Release|Any CPU.ActiveCfg = Release|Any CPU
		{171622AD-547B-496C-A230-16FCA08A0112}.Release|Any CPU.Build.0 = Release|Any CPU
		{171622AD-547B-496C-A230-16FCA08A0112}.Release|x64.ActiveCfg = Release|Any CPU
		{171622AD-547B-496C-A230-16FCA08A0112}.Release|x64.Build.0 = Release|Any CPU
		{171622AD-547B-496C-A230-16FCA08A0112}.Release|x86.ActiveCfg = Release|Any CPU
		{171622AD-547B-496C-A230-16FCA08A0112}.Release|x86.Build.0 = Release|Any CPU
		{1263BE7B-1E7F-415A-9CF9-917CBDD3572F}.Debug|Any CPU.ActiveCfg = Debug|Any CPU
		{1263BE7B-1E7F-415A-9CF9-917CBDD3572F}.Debug|Any CPU.Build.0 = Debug|Any CPU
		{1263BE7B-1E7F-415A-9CF9-917CBDD3572F}.Debug|x64.ActiveCfg = Debug|Any CPU
		{1263BE7B-1E7F-415A-9CF9-917CBDD3572F}.Debug|x64.Build.0 = Debug|Any CPU
		{1263BE7B-1E7F-415A-9CF9-917CBDD3572F}.Debug|x86.ActiveCfg = Debug|Any CPU
		{1263BE7B-1E7F-415A-9CF9-917CBDD3572F}.Debug|x86.Build.0 = Debug|Any CPU
		{1263BE7B-1E7F-415A-9CF9-917CBDD3572F}.Release|Any CPU.ActiveCfg = Release|Any CPU
		{1263BE7B-1E7F-415A-9CF9-917CBDD3572F}.Release|Any CPU.Build.0 = Release|Any CPU
		{1263BE7B-1E7F-415A-9CF9-917CBDD3572F}.Release|x64.ActiveCfg = Release|Any CPU
		{1263BE7B-1E7F-415A-9CF9-917CBDD3572F}.Release|x64.Build.0 = Release|Any CPU
		{1263BE7B-1E7F-415A-9CF9-917CBDD3572F}.Release|x86.ActiveCfg = Release|Any CPU
		{1263BE7B-1E7F-415A-9CF9-917CBDD3572F}.Release|x86.Build.0 = Release|Any CPU
		{B17851AD-7B29-464B-B92A-73816D6D8D7C}.Debug|Any CPU.ActiveCfg = Debug|Any CPU
		{B17851AD-7B29-464B-B92A-73816D6D8D7C}.Debug|Any CPU.Build.0 = Debug|Any CPU
		{B17851AD-7B29-464B-B92A-73816D6D8D7C}.Debug|x64.ActiveCfg = Debug|Any CPU
		{B17851AD-7B29-464B-B92A-73816D6D8D7C}.Debug|x64.Build.0 = Debug|Any CPU
		{B17851AD-7B29-464B-B92A-73816D6D8D7C}.Debug|x86.ActiveCfg = Debug|Any CPU
		{B17851AD-7B29-464B-B92A-73816D6D8D7C}.Debug|x86.Build.0 = Debug|Any CPU
		{B17851AD-7B29-464B-B92A-73816D6D8D7C}.Release|Any CPU.ActiveCfg = Release|Any CPU
		{B17851AD-7B29-464B-B92A-73816D6D8D7C}.Release|Any CPU.Build.0 = Release|Any CPU
		{B17851AD-7B29-464B-B92A-73816D6D8D7C}.Release|x64.ActiveCfg = Release|Any CPU
		{B17851AD-7B29-464B-B92A-73816D6D8D7C}.Release|x64.Build.0 = Release|Any CPU
		{B17851AD-7B29-464B-B92A-73816D6D8D7C}.Release|x86.ActiveCfg = Release|Any CPU
		{B17851AD-7B29-464B-B92A-73816D6D8D7C}.Release|x86.Build.0 = Release|Any CPU
		{A50F0BDD-D826-4033-94E0-57C31A781D0C}.Debug|Any CPU.ActiveCfg = Debug|Any CPU
		{A50F0BDD-D826-4033-94E0-57C31A781D0C}.Debug|Any CPU.Build.0 = Debug|Any CPU
		{A50F0BDD-D826-4033-94E0-57C31A781D0C}.Debug|x64.ActiveCfg = Debug|Any CPU
		{A50F0BDD-D826-4033-94E0-57C31A781D0C}.Debug|x64.Build.0 = Debug|Any CPU
		{A50F0BDD-D826-4033-94E0-57C31A781D0C}.Debug|x86.ActiveCfg = Debug|Any CPU
		{A50F0BDD-D826-4033-94E0-57C31A781D0C}.Debug|x86.Build.0 = Debug|Any CPU
		{A50F0BDD-D826-4033-94E0-57C31A781D0C}.Release|Any CPU.ActiveCfg = Release|Any CPU
		{A50F0BDD-D826-4033-94E0-57C31A781D0C}.Release|Any CPU.Build.0 = Release|Any CPU
		{A50F0BDD-D826-4033-94E0-57C31A781D0C}.Release|x64.ActiveCfg = Release|Any CPU
		{A50F0BDD-D826-4033-94E0-57C31A781D0C}.Release|x64.Build.0 = Release|Any CPU
		{A50F0BDD-D826-4033-94E0-57C31A781D0C}.Release|x86.ActiveCfg = Release|Any CPU
		{A50F0BDD-D826-4033-94E0-57C31A781D0C}.Release|x86.Build.0 = Release|Any CPU
	EndGlobalSection
	GlobalSection(SolutionProperties) = preSolution
		HideSolutionNode = FALSE
	EndGlobalSection
	GlobalSection(NestedProjects) = preSolution
		{A50F0BDD-D826-4033-94E0-57C31A781D0C} = {BDF5B497-938B-7CF9-E915-8D5CB5E0A8E1}
	EndGlobalSection
	GlobalSection(ExtensibilityGlobals) = postSolution
		SolutionGuid = {BE348FED-0C4E-4470-BCC5-59D97B802B8C}
	EndGlobalSection
EndGlobal
